Microsoft Visual Studio Solution File, Format Version 12.00
# Visual Studio Version 17
VisualStudioVersion = 17.5.2.0
MinimumVisualStudioVersion = 10.0.40219.1
Project("{FAE04EC0-301F-11D3-BF4B-00C04F79EFBC}") = "2025-2-POO-Segunda", "2025-2-POO-Segunda\2025-2-POO-Segunda.csproj", "{A1D99257-C425-A07A-D7ED-BE0139FD37A5}"
EndProject
Global
	GlobalSection(SolutionConfigurationPlatforms) = preSolution
		Debug|Any CPU = Debug|Any CPU
		Release|Any CPU = Release|Any CPU
	EndGlobalSection
	GlobalSection(ProjectConfigurationPlatforms) = postSolution
		{A1D99257-C425-A07A-D7ED-BE0139FD37A5}.Debug|Any CPU.ActiveCfg = Debug|Any CPU
		{A1D99257-C425-A07A-D7ED-BE0139FD37A5}.Debug|Any CPU.Build.0 = Debug|Any CPU
		{A1D99257-C425-A07A-D7ED-BE0139FD37A5}.Release|Any CPU.ActiveCfg = Release|Any CPU
		{A1D99257-C425-A07A-D7ED-BE0139FD37A5}.Release|Any CPU.Build.0 = Release|Any CPU
	EndGlobalSection
	GlobalSection(SolutionProperties) = preSolution
		HideSolutionNode = FALSE
	EndGlobalSection
	GlobalSection(ExtensibilityGlobals) = postSolution
		SolutionGuid = {91ECE0C3-6255-4A8C-AA0D-FB3A4D7EE3B6}
	EndGlobalSection
EndGlobal
